
Microsoft Visual Studio Solution File, Format Version 12.00
Project("{FAE04EC0-301F-11D3-BF4B-00C04F79EFBC}") = "CSharpFunConsole", "CSharpFunConsole\CSharpFunConsole.csproj", "{CBB8EC32-B4D5-4900-A76A-ABD4F8E687BE}"
EndProject
Global
	GlobalSection(SolutionConfigurationPlatforms) = preSolution
		Debug|Any CPU = Debug|Any CPU
		Release|Any CPU = Release|Any CPU
	EndGlobalSection
	GlobalSection(ProjectConfigurationPlatforms) = postSolution
		{CBB8EC32-B4D5-4900-A76A-ABD4F8E687BE}.Debug|Any CPU.ActiveCfg = Debug|Any CPU
		{CBB8EC32-B4D5-4900-A76A-ABD4F8E687BE}.Debug|Any CPU.Build.0 = Debug|Any CPU
		{CBB8EC32-B4D5-4900-A76A-ABD4F8E687BE}.Release|Any CPU.ActiveCfg = Release|Any CPU
		{CBB8EC32-B4D5-4900-A76A-ABD4F8E687BE}.Release|Any CPU.Build.0 = Release|Any CPU
	EndGlobalSection
EndGlobal
